
Microsoft Visual Studio Solution File, Format Version 12.00
# Visual Studio 15
VisualStudioVersion = 15.0.27130.2036
MinimumVisualStudioVersion = 10.0.40219.1
Project("{FAE04EC0-301F-11D3-BF4B-00C04F79EFBC}") = "NTIER.Test", "NTIER.Test\NTIER.Test.csproj", "{E908C331-2C38-4ED2-A268-F768065AB138}"
	ProjectSection(ProjectDependencies) = postProject
		{10879F66-14B2-4D19-85AB-42684F17BBEA} = {10879F66-14B2-4D19-85AB-42684F17BBEA}
		{39692D8A-5144-41A6-9A7D-C8A1BC632FC7} = {39692D8A-5144-41A6-9A7D-C8A1BC632FC7}
		{0393048C-B3F1-409D-877E-7F2370C8A068} = {0393048C-B3F1-409D-877E-7F2370C8A068}
		{30A277A6-6ADD-4F2F-8290-D91016FC3D85} = {30A277A6-6ADD-4F2F-8290-D91016FC3D85}
		{77DE4EF2-38BB-42AE-B6A7-40A2DF8FA7FA} = {77DE4EF2-38BB-42AE-B6A7-40A2DF8FA7FA}
	EndProjectSection
EndProject
Project("{2150E333-8FDC-42A3-9474-1A3956D46DE8}") = "Test", "Test", "{454C4E0F-10CB-4D7B-B9C9-ABDD4E7A123B}"
EndProject
Project("{2150E333-8FDC-42A3-9474-1A3956D46DE8}") = "Core", "Core", "{90668FF7-6049-4C82-A93A-6F849FF4A2F0}"
EndProject
Project("{2150E333-8FDC-42A3-9474-1A3956D46DE8}") = "Presentation", "Presentation", "{97119355-F601-41C3-B698-F37BF6E014A5}"
EndProject
Project("{FAE04EC0-301F-11D3-BF4B-00C04F79EFBC}") = "NTIER.Web", "NTIER.Web\NTIER.Web.csproj", "{30A277A6-6ADD-4F2F-8290-D91016FC3D85}"
EndProject
Project("{FAE04EC0-301F-11D3-BF4B-00C04F79EFBC}") = "NTIER.BLL", "NTIER.BLL\NTIER.BLL.csproj", "{10879F66-14B2-4D19-85AB-42684F17BBEA}"
EndProject
Project("{FAE04EC0-301F-11D3-BF4B-00C04F79EFBC}") = "NTIER.DAL", "NTIER.DAL\NTIER.DAL.csproj", "{0393048C-B3F1-409D-877E-7F2370C8A068}"
EndProject
Project("{FAE04EC0-301F-11D3-BF4B-00C04F79EFBC}") = "NTIER.Common", "NTIER.Common\NTIER.Common.csproj", "{77DE4EF2-38BB-42AE-B6A7-40A2DF8FA7FA}"
EndProject
Project("{FAE04EC0-301F-11D3-BF4B-00C04F79EFBC}") = "Rafaelle.Framework", "Rafaelle.Framework\Rafaelle.Framework.csproj", "{39692D8A-5144-41A6-9A7D-C8A1BC632FC7}"
EndProject
Global
	GlobalSection(SolutionConfigurationPlatforms) = preSolution
		Debug|Any CPU = Debug|Any CPU
		Release|Any CPU = Release|Any CPU
	EndGlobalSection
	GlobalSection(ProjectConfigurationPlatforms) = postSolution
		{E908C331-2C38-4ED2-A268-F768065AB138}.Debug|Any CPU.ActiveCfg = Debug|Any CPU
		{E908C331-2C38-4ED2-A268-F768065AB138}.Debug|Any CPU.Build.0 = Debug|Any CPU
		{E908C331-2C38-4ED2-A268-F768065AB138}.Release|Any CPU.ActiveCfg = Release|Any CPU
		{E908C331-2C38-4ED2-A268-F768065AB138}.Release|Any CPU.Build.0 = Release|Any CPU
		{30A277A6-6ADD-4F2F-8290-D91016FC3D85}.Debug|Any CPU.ActiveCfg = Debug|Any CPU
		{30A277A6-6ADD-4F2F-8290-D91016FC3D85}.Debug|Any CPU.Build.0 = Debug|Any CPU
		{30A277A6-6ADD-4F2F-8290-D91016FC3D85}.Release|Any CPU.ActiveCfg = Release|Any CPU
		{30A277A6-6ADD-4F2F-8290-D91016FC3D85}.Release|Any CPU.Build.0 = Release|Any CPU
		{10879F66-14B2-4D19-85AB-42684F17BBEA}.Debug|Any CPU.ActiveCfg = Debug|Any CPU
		{10879F66-14B2-4D19-85AB-42684F17BBEA}.Debug|Any CPU.Build.0 = Debug|Any CPU
		{10879F66-14B2-4D19-85AB-42684F17BBEA}.Release|Any CPU.ActiveCfg = Release|Any CPU
		{10879F66-14B2-4D19-85AB-42684F17BBEA}.Release|Any CPU.Build.0 = Release|Any CPU
		{0393048C-B3F1-409D-877E-7F2370C8A068}.Debug|Any CPU.ActiveCfg = Debug|Any CPU
		{0393048C-B3F1-409D-877E-7F2370C8A068}.Debug|Any CPU.Build.0 = Debug|Any CPU
		{0393048C-B3F1-409D-877E-7F2370C8A068}.Release|Any CPU.ActiveCfg = Release|Any CPU
		{0393048C-B3F1-409D-877E-7F2370C8A068}.Release|Any CPU.Build.0 = Release|Any CPU
		{77DE4EF2-38BB-42AE-B6A7-40A2DF8FA7FA}.Debug|Any CPU.ActiveCfg = Debug|Any CPU
		{77DE4EF2-38BB-42AE-B6A7-40A2DF8FA7FA}.Debug|Any CPU.Build.0 = Debug|Any CPU
		{77DE4EF2-38BB-42AE-B6A7-40A2DF8FA7FA}.Release|Any CPU.ActiveCfg = Release|Any CPU
		{77DE4EF2-38BB-42AE-B6A7-40A2DF8FA7FA}.Release|Any CPU.Build.0 = Release|Any CPU
		{39692D8A-5144-41A6-9A7D-C8A1BC632FC7}.Debug|Any CPU.ActiveCfg = Debug|Any CPU
		{39692D8A-5144-41A6-9A7D-C8A1BC632FC7}.Debug|Any CPU.Build.0 = Debug|Any CPU
		{39692D8A-5144-41A6-9A7D-C8A1BC632FC7}.Release|Any CPU.ActiveCfg = Release|Any CPU
		{39692D8A-5144-41A6-9A7D-C8A1BC632FC7}.Release|Any CPU.Build.0 = Release|Any CPU
	EndGlobalSection
	GlobalSection(SolutionProperties) = preSolution
		HideSolutionNode = FALSE
	EndGlobalSection
	GlobalSection(NestedProjects) = preSolution
		{E908C331-2C38-4ED2-A268-F768065AB138} = {454C4E0F-10CB-4D7B-B9C9-ABDD4E7A123B}
		{30A277A6-6ADD-4F2F-8290-D91016FC3D85} = {97119355-F601-41C3-B698-F37BF6E014A5}
		{10879F66-14B2-4D19-85AB-42684F17BBEA} = {90668FF7-6049-4C82-A93A-6F849FF4A2F0}
		{0393048C-B3F1-409D-877E-7F2370C8A068} = {90668FF7-6049-4C82-A93A-6F849FF4A2F0}
		{77DE4EF2-38BB-42AE-B6A7-40A2DF8FA7FA} = {90668FF7-6049-4C82-A93A-6F849FF4A2F0}
	EndGlobalSection
	GlobalSection(ExtensibilityGlobals) = postSolution
		SolutionGuid = {EE7042F4-B4A1-4F95-92FB-0EA60FF5EA1F}
	EndGlobalSection
EndGlobal
